
Microsoft Visual Studio Solution File, Format Version 12.00
# Visual Studio Version 17
VisualStudioVersion = 17.7.34024.191
MinimumVisualStudioVersion = 10.0.40219.1
Project("{FAE04EC0-301F-11D3-BF4B-00C04F79EFBC}") = "Calculadora", "Calculadora.csproj", "{9568F4C1-2716-4051-85BA-F8CD1FC88C37}"
EndProject
Global
	GlobalSection(SolutionConfigurationPlatforms) = preSolution
		Debug|Any CPU = Debug|Any CPU
		Release|Any CPU = Release|Any CPU
	EndGlobalSection
	GlobalSection(ProjectConfigurationPlatforms) = postSolution
		{9568F4C1-2716-4051-85BA-F8CD1FC88C37}.Debug|Any CPU.ActiveCfg = Debug|Any CPU
		{9568F4C1-2716-4051-85BA-F8CD1FC88C37}.Debug|Any CPU.Build.0 = Debug|Any CPU
		{9568F4C1-2716-4051-85BA-F8CD1FC88C37}.Release|Any CPU.ActiveCfg = Release|Any CPU
		{9568F4C1-2716-4051-85BA-F8CD1FC88C37}.Release|Any CPU.Build.0 = Release|Any CPU
	EndGlobalSection
	GlobalSection(SolutionProperties) = preSolution
		HideSolutionNode = FALSE
	EndGlobalSection
	GlobalSection(ExtensibilityGlobals) = postSolution
		SolutionGuid = {C35A3918-CCB3-4E43-A943-B5CA2EFBEEEC}
	EndGlobalSection
EndGlobal
